dependencies:
  idf:
    source:
      type: idf
    version: 5.4.1
  nopnop2002/ssd1306:
    component_hash: 6b7041f67f741708947c72b707087520100486286df9bc1536b42c46040c577b
    dependencies: []
    source:
      git: https://github.com/nopnop2002/esp-idf-ssd1306.git
      path: components/ssd1306/
      type: git
    version: ddcb2a33daee4723ad8062714e72ba0208462613
direct_dependencies:
- nopnop2002/ssd1306
manifest_hash: d2100b8f02a5b16b6a71ff75070def5df07aee33764dc4fd80fc46ed1e207354
target: esp32c3
version: 2.0.0
